
Microsoft Visual Studio Solution File, Format Version 11.00
# Visual Studio 2010
Project("{FAE04EC0-301F-11D3-BF4B-00C04F79EFBC}") = "FrontierMonkeys", "FrontierMonkeys\FrontierMonkeys\FrontierMonkeys.csproj", "{33CFEF48-E310-428F-AE84-49721A1C3ADD}"
EndProject
Project("{96E2B04D-8817-42C6-938A-82C39BA4D311}") = "FrontierMonkeysContent", "FrontierMonkeys\FrontierMonkeysContent\FrontierMonkeysContent.contentproj", "{D2B92EEB-7183-4C00-AA89-227C191B29A8}"
EndProject
Global
	GlobalSection(SolutionConfigurationPlatforms) = preSolution
		Debug|x86 = Debug|x86
		Release|x86 = Release|x86
	EndGlobalSection
	GlobalSection(ProjectConfigurationPlatforms) = postSolution
		{33CFEF48-E310-428F-AE84-49721A1C3ADD}.Debug|x86.ActiveCfg = Debug|x86
		{33CFEF48-E310-428F-AE84-49721A1C3ADD}.Debug|x86.Build.0 = Debug|x86
		{33CFEF48-E310-428F-AE84-49721A1C3ADD}.Release|x86.ActiveCfg = Release|x86
		{33CFEF48-E310-428F-AE84-49721A1C3ADD}.Release|x86.Build.0 = Release|x86
		{D2B92EEB-7183-4C00-AA89-227C191B29A8}.Debug|x86.ActiveCfg = Debug|x86
		{D2B92EEB-7183-4C00-AA89-227C191B29A8}.Release|x86.ActiveCfg = Release|x86
	EndGlobalSection
	GlobalSection(SolutionProperties) = preSolution
		HideSolutionNode = FALSE
	EndGlobalSection
EndGlobal
